
Microsoft Visual Studio Solution File, Format Version 12.00
# Visual Studio 15
VisualStudioVersion = 15.0.27004.2009
MinimumVisualStudioVersion = 10.0.40219.1
Project("{FAE04EC0-301F-11D3-BF4B-00C04F79EFBC}") = "Factorial", "Factorial\Factorial.csproj", "{696797FE-4777-466B-92AB-C78020070701}"
EndProject
Project("{FAE04EC0-301F-11D3-BF4B-00C04F79EFBC}") = "PrintNumbers", "PrintNumbers\PrintNumbers.csproj", "{84ADB63B-22AC-41B8-9DF8-D2A60C0FA910}"
EndProject
Project("{FAE04EC0-301F-11D3-BF4B-00C04F79EFBC}") = "SumOfDigits", "SumOfDigits\SumOfDigits.csproj", "{E0D52AD6-D28B-49B3-91F6-FE7D7FE9B0D1}"
EndProject
Project("{FAE04EC0-301F-11D3-BF4B-00C04F79EFBC}") = "BaseConversion", "BaseConversion\BaseConversion.csproj", "{A239F69E-CA07-4169-900F-CF1BE535BCCF}"
EndProject
Project("{FAE04EC0-301F-11D3-BF4B-00C04F79EFBC}") = "Powers", "Powers\Powers.csproj", "{C8EA0239-7AC6-44F9-8129-E6ED6B7CC8EB}"
EndProject
Project("{FAE04EC0-301F-11D3-BF4B-00C04F79EFBC}") = "EuclidsAlgorithmGCD", "EuclidsAlgorithmGCD\EuclidsAlgorithmGCD.csproj", "{643E4481-395E-4A5C-AC69-D5FE800DA297}"
EndProject
Project("{FAE04EC0-301F-11D3-BF4B-00C04F79EFBC}") = "Fibonacci", "Fibonacci\Fibonacci.csproj", "{C3F6ED2B-91AE-495F-B4EE-730650C2E5F2}"
EndProject
Project("{FAE04EC0-301F-11D3-BF4B-00C04F79EFBC}") = "TowersOfHanoi", "TowersOfHanoi\TowersOfHanoi.csproj", "{D65E2C5C-951C-4F31-9DDE-E309C13DEEDF}"
EndProject
Global
	GlobalSection(SolutionConfigurationPlatforms) = preSolution
		Debug|Any CPU = Debug|Any CPU
		Release|Any CPU = Release|Any CPU
	EndGlobalSection
	GlobalSection(ProjectConfigurationPlatforms) = postSolution
		{696797FE-4777-466B-92AB-C78020070701}.Debug|Any CPU.ActiveCfg = Debug|Any CPU
		{696797FE-4777-466B-92AB-C78020070701}.Debug|Any CPU.Build.0 = Debug|Any CPU
		{696797FE-4777-466B-92AB-C78020070701}.Release|Any CPU.ActiveCfg = Release|Any CPU
		{696797FE-4777-466B-92AB-C78020070701}.Release|Any CPU.Build.0 = Release|Any CPU
		{84ADB63B-22AC-41B8-9DF8-D2A60C0FA910}.Debug|Any CPU.ActiveCfg = Debug|Any CPU
		{84ADB63B-22AC-41B8-9DF8-D2A60C0FA910}.Debug|Any CPU.Build.0 = Debug|Any CPU
		{84ADB63B-22AC-41B8-9DF8-D2A60C0FA910}.Release|Any CPU.ActiveCfg = Release|Any CPU
		{84ADB63B-22AC-41B8-9DF8-D2A60C0FA910}.Release|Any CPU.Build.0 = Release|Any CPU
		{E0D52AD6-D28B-49B3-91F6-FE7D7FE9B0D1}.Debug|Any CPU.ActiveCfg = Debug|Any CPU
		{E0D52AD6-D28B-49B3-91F6-FE7D7FE9B0D1}.Debug|Any CPU.Build.0 = Debug|Any CPU
		{E0D52AD6-D28B-49B3-91F6-FE7D7FE9B0D1}.Release|Any CPU.ActiveCfg = Release|Any CPU
		{E0D52AD6-D28B-49B3-91F6-FE7D7FE9B0D1}.Release|Any CPU.Build.0 = Release|Any CPU
		{A239F69E-CA07-4169-900F-CF1BE535BCCF}.Debug|Any CPU.ActiveCfg = Debug|Any CPU
		{A239F69E-CA07-4169-900F-CF1BE535BCCF}.Debug|Any CPU.Build.0 = Debug|Any CPU
		{A239F69E-CA07-4169-900F-CF1BE535BCCF}.Release|Any CPU.ActiveCfg = Release|Any CPU
		{A239F69E-CA07-4169-900F-CF1BE535BCCF}.Release|Any CPU.Build.0 = Release|Any CPU
		{C8EA0239-7AC6-44F9-8129-E6ED6B7CC8EB}.Debug|Any CPU.ActiveCfg = Debug|Any CPU
		{C8EA0239-7AC6-44F9-8129-E6ED6B7CC8EB}.Debug|Any CPU.Build.0 = Debug|Any CPU
		{C8EA0239-7AC6-44F9-8129-E6ED6B7CC8EB}.Release|Any CPU.ActiveCfg = Release|Any CPU
		{C8EA0239-7AC6-44F9-8129-E6ED6B7CC8EB}.Release|Any CPU.Build.0 = Release|Any CPU
		{643E4481-395E-4A5C-AC69-D5FE800DA297}.Debug|Any CPU.ActiveCfg = Debug|Any CPU
		{643E4481-395E-4A5C-AC69-D5FE800DA297}.Debug|Any CPU.Build.0 = Debug|Any CPU
		{643E4481-395E-4A5C-AC69-D5FE800DA297}.Release|Any CPU.ActiveCfg = Release|Any CPU
		{643E4481-395E-4A5C-AC69-D5FE800DA297}.Release|Any CPU.Build.0 = Release|Any CPU
		{C3F6ED2B-91AE-495F-B4EE-730650C2E5F2}.Debug|Any CPU.ActiveCfg = Debug|Any CPU
		{C3F6ED2B-91AE-495F-B4EE-730650C2E5F2}.Debug|Any CPU.Build.0 = Debug|Any CPU
		{C3F6ED2B-91AE-495F-B4EE-730650C2E5F2}.Release|Any CPU.ActiveCfg = Release|Any CPU
		{C3F6ED2B-91AE-495F-B4EE-730650C2E5F2}.Release|Any CPU.Build.0 = Release|Any CPU
		{D65E2C5C-951C-4F31-9DDE-E309C13DEEDF}.Debug|Any CPU.ActiveCfg = Debug|Any CPU
		{D65E2C5C-951C-4F31-9DDE-E309C13DEEDF}.Debug|Any CPU.Build.0 = Debug|Any CPU
		{D65E2C5C-951C-4F31-9DDE-E309C13DEEDF}.Release|Any CPU.ActiveCfg = Release|Any CPU
		{D65E2C5C-951C-4F31-9DDE-E309C13DEEDF}.Release|Any CPU.Build.0 = Release|Any CPU
	EndGlobalSection
	GlobalSection(SolutionProperties) = preSolution
		HideSolutionNode = FALSE
	EndGlobalSection
	GlobalSection(ExtensibilityGlobals) = postSolution
		SolutionGuid = {33660648-7103-4E17-B53B-46EE577BFCA8}
	EndGlobalSection
EndGlobal
