
Microsoft Visual Studio Solution File, Format Version 12.00
# Visual Studio 15
VisualStudioVersion = 15.0.28010.2050
MinimumVisualStudioVersion = 10.0.40219.1
Project("{FAE04EC0-301F-11D3-BF4B-00C04F79EFBC}") = "SelectionSort", "SelectionSort\SelectionSort.csproj", "{47D0E81C-8FCA-4859-9133-11877692C7EA}"
EndProject
Project("{FAE04EC0-301F-11D3-BF4B-00C04F79EFBC}") = "BubbleSort", "BubbleSort\BubbleSort.csproj", "{10258C9E-258E-446C-9A5E-992A3C9F24A9}"
EndProject
Project("{FAE04EC0-301F-11D3-BF4B-00C04F79EFBC}") = "InsertionSort", "InsertionSort\InsertionSort.csproj", "{C6E53B08-E2AB-4F0F-B442-F2A05B81B577}"
EndProject
Project("{FAE04EC0-301F-11D3-BF4B-00C04F79EFBC}") = "ShellSort", "ShellSort\ShellSort.csproj", "{D6249713-E847-4832-AC7C-BCE40F2865D5}"
EndProject
Global
	GlobalSection(SolutionConfigurationPlatforms) = preSolution
		Debug|Any CPU = Debug|Any CPU
		Release|Any CPU = Release|Any CPU
	EndGlobalSection
	GlobalSection(ProjectConfigurationPlatforms) = postSolution
		{47D0E81C-8FCA-4859-9133-11877692C7EA}.Debug|Any CPU.ActiveCfg = Debug|Any CPU
		{47D0E81C-8FCA-4859-9133-11877692C7EA}.Debug|Any CPU.Build.0 = Debug|Any CPU
		{47D0E81C-8FCA-4859-9133-11877692C7EA}.Release|Any CPU.ActiveCfg = Release|Any CPU
		{47D0E81C-8FCA-4859-9133-11877692C7EA}.Release|Any CPU.Build.0 = Release|Any CPU
		{10258C9E-258E-446C-9A5E-992A3C9F24A9}.Debug|Any CPU.ActiveCfg = Debug|Any CPU
		{10258C9E-258E-446C-9A5E-992A3C9F24A9}.Debug|Any CPU.Build.0 = Debug|Any CPU
		{10258C9E-258E-446C-9A5E-992A3C9F24A9}.Release|Any CPU.ActiveCfg = Release|Any CPU
		{10258C9E-258E-446C-9A5E-992A3C9F24A9}.Release|Any CPU.Build.0 = Release|Any CPU
		{C6E53B08-E2AB-4F0F-B442-F2A05B81B577}.Debug|Any CPU.ActiveCfg = Debug|Any CPU
		{C6E53B08-E2AB-4F0F-B442-F2A05B81B577}.Debug|Any CPU.Build.0 = Debug|Any CPU
		{C6E53B08-E2AB-4F0F-B442-F2A05B81B577}.Release|Any CPU.ActiveCfg = Release|Any CPU
		{C6E53B08-E2AB-4F0F-B442-F2A05B81B577}.Release|Any CPU.Build.0 = Release|Any CPU
		{D6249713-E847-4832-AC7C-BCE40F2865D5}.Debug|Any CPU.ActiveCfg = Debug|Any CPU
		{D6249713-E847-4832-AC7C-BCE40F2865D5}.Debug|Any CPU.Build.0 = Debug|Any CPU
		{D6249713-E847-4832-AC7C-BCE40F2865D5}.Release|Any CPU.ActiveCfg = Release|Any CPU
		{D6249713-E847-4832-AC7C-BCE40F2865D5}.Release|Any CPU.Build.0 = Release|Any CPU
	EndGlobalSection
	GlobalSection(SolutionProperties) = preSolution
		HideSolutionNode = FALSE
	EndGlobalSection
	GlobalSection(ExtensibilityGlobals) = postSolution
		SolutionGuid = {EB68EF35-79B1-41FA-B643-0AC0570B1BD7}
	EndGlobalSection
EndGlobal
